
Microsoft Visual Studio Solution File, Format Version 12.00
# Visual Studio 15
VisualStudioVersion = 15.0.27428.2037
MinimumVisualStudioVersion = 10.0.40219.1
Project("{FAE04EC0-301F-11D3-BF4B-00C04F79EFBC}") = "LawFakeApi", "LawFakeApi\LawFakeApi.csproj", "{2D5D90FF-242E-43E3-A483-EA42102980BB}"
EndProject
Global
	GlobalSection(SolutionConfigurationPlatforms) = preSolution
		Debug|Any CPU = Debug|Any CPU
		Release|Any CPU = Release|Any CPU
	EndGlobalSection
	GlobalSection(ProjectConfigurationPlatforms) = postSolution
		{2D5D90FF-242E-43E3-A483-EA42102980BB}.Debug|Any CPU.ActiveCfg = Debug|Any CPU
		{2D5D90FF-242E-43E3-A483-EA42102980BB}.Debug|Any CPU.Build.0 = Debug|Any CPU
		{2D5D90FF-242E-43E3-A483-EA42102980BB}.Release|Any CPU.ActiveCfg = Release|Any CPU
		{2D5D90FF-242E-43E3-A483-EA42102980BB}.Release|Any CPU.Build.0 = Release|Any CPU
	EndGlobalSection
	GlobalSection(SolutionProperties) = preSolution
		HideSolutionNode = FALSE
	EndGlobalSection
	GlobalSection(ExtensibilityGlobals) = postSolution
		SolutionGuid = {80CA5DA5-B026-490B-BA70-6A8B196FC149}
	EndGlobalSection
EndGlobal
