
Microsoft Visual Studio Solution File, Format Version 12.00
# Visual Studio 15
VisualStudioVersion = 15.0.27428.2037
MinimumVisualStudioVersion = 10.0.40219.1
Project("{FAE04EC0-301F-11D3-BF4B-00C04F79EFBC}") = "ApiMQSender", "ApiMQSender\ApiMQSender.csproj", "{9769EC6C-BD70-4D62-8B1A-0B465AD92C7E}"
EndProject
Global
	GlobalSection(SolutionConfigurationPlatforms) = preSolution
		Debug|Any CPU = Debug|Any CPU
		Release|Any CPU = Release|Any CPU
	EndGlobalSection
	GlobalSection(ProjectConfigurationPlatforms) = postSolution
		{9769EC6C-BD70-4D62-8B1A-0B465AD92C7E}.Debug|Any CPU.ActiveCfg = Debug|Any CPU
		{9769EC6C-BD70-4D62-8B1A-0B465AD92C7E}.Debug|Any CPU.Build.0 = Debug|Any CPU
		{9769EC6C-BD70-4D62-8B1A-0B465AD92C7E}.Release|Any CPU.ActiveCfg = Release|Any CPU
		{9769EC6C-BD70-4D62-8B1A-0B465AD92C7E}.Release|Any CPU.Build.0 = Release|Any CPU
	EndGlobalSection
	GlobalSection(SolutionProperties) = preSolution
		HideSolutionNode = FALSE
	EndGlobalSection
	GlobalSection(ExtensibilityGlobals) = postSolution
		SolutionGuid = {B7632FF9-06D0-4A73-9870-4DC5762B32D5}
	EndGlobalSection
EndGlobal
